// !$*UTF8*$!
{
	archiveVersion = 1;
	classes = {
	};
	objectVersion = 55;
	objects = {

/* Begin PBXBuildFile section */
		5715C4592770B54400A41ED7 /* TargetNetworkingProvider.swift in Sources */ = {isa = PBXBuildFile; fileRef = 5715C4582770B54400A41ED7 /* TargetNetworkingProvider.swift */; };
		5715C45A2770B54400A41ED7 /* TargetNetworkingProvider.swift in Sources */ = {isa = PBXBuildFile; fileRef = 5715C4582770B54400A41ED7 /* TargetNetworkingProvider.swift */; };
		5715C45C2770D2A300A41ED7 /* Cache.swift in Sources */ = {isa = PBXBuildFile; fileRef = 5715C45B2770D2A300A41ED7 /* Cache.swift */; };
		5715C45D2770D2A300A41ED7 /* Cache.swift in Sources */ = {isa = PBXBuildFile; fileRef = 5715C45B2770D2A300A41ED7 /* Cache.swift */; };
		5715C45F2770E4BD00A41ED7 /* Pluginable.swift in Sources */ = {isa = PBXBuildFile; fileRef = 5715C45E2770E4BD00A41ED7 /* Pluginable.swift */; };
		5715C4602770E4BD00A41ED7 /* Pluginable.swift in Sources */ = {isa = PBXBuildFile; fileRef = 5715C45E2770E4BD00A41ED7 /* Pluginable.swift */; };
		57273E3E26C539D00086A7DF /* DefaultTestCase.swift in Sources */ = {isa = PBXBuildFile; fileRef = 57273E3D26C539D00086A7DF /* DefaultTestCase.swift */; };
		57273E4826C539D00086A7DF /* DefaultTestCase.swift in Sources */ = {isa = PBXBuildFile; fileRef = 57273E4726C539D00086A7DF /* DefaultTestCase.swift */; };
		57273E4926C539D00086A7DF /* TemplateSwiftUIApp.swift in Sources */ = {isa = PBXBuildFile; fileRef = 57273E2726C539A10086A7DF /* TemplateSwiftUIApp.swift */; };
		57273E4A26C539D00086A7DF /* TemplateSwiftUIApp.swift in Sources */ = {isa = PBXBuildFile; fileRef = 57273E2726C539A10086A7DF /* TemplateSwiftUIApp.swift */; };
		57273E4B26C539D00086A7DF /* TemplateView.swift in Sources */ = {isa = PBXBuildFile; fileRef = 57273E2826C539A10086A7DF /* TemplateView.swift */; };
		57273E4C26C539D00086A7DF /* TemplateView.swift in Sources */ = {isa = PBXBuildFile; fileRef = 57273E2826C539A10086A7DF /* TemplateView.swift */; };
		5732CBB427720A03003DF6FE /* DefaultTemplate.swift in Sources */ = {isa = PBXBuildFile; fileRef = 5732CBB327720A03003DF6FE /* DefaultTemplate.swift */; };
		5732CBB527720A03003DF6FE /* DefaultTemplate.swift in Sources */ = {isa = PBXBuildFile; fileRef = 5732CBB327720A03003DF6FE /* DefaultTemplate.swift */; };
		5732CBC627720CD5003DF6FE /* TemplateFetchable.swift in Sources */ = {isa = PBXBuildFile; fileRef = 5732CBC527720CD5003DF6FE /* TemplateFetchable.swift */; };
		5732CBC727720CD5003DF6FE /* TemplateFetchable.swift in Sources */ = {isa = PBXBuildFile; fileRef = 5732CBC527720CD5003DF6FE /* TemplateFetchable.swift */; };
		5732CBCD27720D33003DF6FE /* DefaultFetchersAssembly.swift in Sources */ = {isa = PBXBuildFile; fileRef = 5732CBCC27720D33003DF6FE /* DefaultFetchersAssembly.swift */; };
		5732CBCE27720D33003DF6FE /* DefaultFetchersAssembly.swift in Sources */ = {isa = PBXBuildFile; fileRef = 5732CBCC27720D33003DF6FE /* DefaultFetchersAssembly.swift */; };
		5732CBD127720D44003DF6FE /* MockNetworking.swift in Sources */ = {isa = PBXBuildFile; fileRef = 5732CBCF27720D44003DF6FE /* MockNetworking.swift */; };
		5732CBD227720D44003DF6FE /* MockNetworking.swift in Sources */ = {isa = PBXBuildFile; fileRef = 5732CBCF27720D44003DF6FE /* MockNetworking.swift */; };
		5732CBD327720D44003DF6FE /* Caching.swift in Sources */ = {isa = PBXBuildFile; fileRef = 5732CBD027720D44003DF6FE /* Caching.swift */; };
		5732CBD427720D44003DF6FE /* Caching.swift in Sources */ = {isa = PBXBuildFile; fileRef = 5732CBD027720D44003DF6FE /* Caching.swift */; };
		573644A5278D820400C51F4A /* Moya in Frameworks */ = {isa = PBXBuildFile; productRef = 573644A4278D820400C51F4A /* Moya */; };
		573644A8278D836200C51F4A /* DefaultNetworking.swift in Sources */ = {isa = PBXBuildFile; fileRef = 573644A7278D836200C51F4A /* DefaultNetworking.swift */; };
		573644A9278D836200C51F4A /* DefaultNetworking.swift in Sources */ = {isa = PBXBuildFile; fileRef = 573644A7278D836200C51F4A /* DefaultNetworking.swift */; };
		573644AB278D8D1600C51F4A /* TemplateProtocols .swift in Sources */ = {isa = PBXBuildFile; fileRef = 573644AA278D8D1600C51F4A /* TemplateProtocols .swift */; };
		573644AC278D8D1600C51F4A /* TemplateProtocols .swift in Sources */ = {isa = PBXBuildFile; fileRef = 573644AA278D8D1600C51F4A /* TemplateProtocols .swift */; };
		573BFB332726C1A000350EB8 /* RoutingView.swift in Sources */ = {isa = PBXBuildFile; fileRef = 573BFB322726C1A000350EB8 /* RoutingView.swift */; };
		573BFB342726C1A000350EB8 /* RoutingView.swift in Sources */ = {isa = PBXBuildFile; fileRef = 573BFB322726C1A000350EB8 /* RoutingView.swift */; };
		574775E026E3DA2500937B40 /* MoyaProvider.swift in Sources */ = {isa = PBXBuildFile; fileRef = 574775DF26E3DA2500937B40 /* MoyaProvider.swift */; };
		574775E126E3DA2500937B40 /* MoyaProvider.swift in Sources */ = {isa = PBXBuildFile; fileRef = 574775DF26E3DA2500937B40 /* MoyaProvider.swift */; };
		57A554B8276C6D8E00180021 /* Template.swift in Sources */ = {isa = PBXBuildFile; fileRef = 57A554B7276C6D8E00180021 /* Template.swift */; };
		57A554B9276C6D8E00180021 /* Template.swift in Sources */ = {isa = PBXBuildFile; fileRef = 57A554B7276C6D8E00180021 /* Template.swift */; };
		57A554BB276C6E5A00180021 /* Targetable.swift in Sources */ = {isa = PBXBuildFile; fileRef = 57A554BA276C6E5A00180021 /* Targetable.swift */; };
		57A554BC276C6E5A00180021 /* Targetable.swift in Sources */ = {isa = PBXBuildFile; fileRef = 57A554BA276C6E5A00180021 /* Targetable.swift */; };
		57A90275270A0F2C00F266A1 /* DefaultTemplateRoutingView.swift in Sources */ = {isa = PBXBuildFile; fileRef = 57A90274270A0F2C00F266A1 /* DefaultTemplateRoutingView.swift */; };
		57A90276270A0F2C00F266A1 /* DefaultTemplateRoutingView.swift in Sources */ = {isa = PBXBuildFile; fileRef = 57A90274270A0F2C00F266A1 /* DefaultTemplateRoutingView.swift */; };
		57A90278270A16EA00F266A1 /* TemplateSwiftUIScene.swift in Sources */ = {isa = PBXBuildFile; fileRef = 57A90277270A16EA00F266A1 /* TemplateSwiftUIScene.swift */; };
		57A90279270A16EA00F266A1 /* TemplateSwiftUIScene.swift in Sources */ = {isa = PBXBuildFile; fileRef = 57A90277270A16EA00F266A1 /* TemplateSwiftUIScene.swift */; };
		57A9027E270A178700F266A1 /* NavigationViewModifier.swift in Sources */ = {isa = PBXBuildFile; fileRef = 57A9027D270A178700F266A1 /* NavigationViewModifier.swift */; };
		57A9027F270A178700F266A1 /* NavigationViewModifier.swift in Sources */ = {isa = PBXBuildFile; fileRef = 57A9027D270A178700F266A1 /* NavigationViewModifier.swift */; };
		57C1B5CB26E3CE5200BBF286 /* StateDataWrap.swift in Sources */ = {isa = PBXBuildFile; fileRef = 57C1B5CA26E3CE5200BBF286 /* StateDataWrap.swift */; };
		57C1B5CC26E3CE5200BBF286 /* StateDataWrap.swift in Sources */ = {isa = PBXBuildFile; fileRef = 57C1B5CA26E3CE5200BBF286 /* StateDataWrap.swift */; };
		57C2FAE72756778B00AB5149 /* View.swift in Sources */ = {isa = PBXBuildFile; fileRef = 57C2FAE62756778B00AB5149 /* View.swift */; };
		57C2FAE82756778B00AB5149 /* View.swift in Sources */ = {isa = PBXBuildFile; fileRef = 57C2FAE62756778B00AB5149 /* View.swift */; };
		57C2FAEA27567FA400AB5149 /* NotificationName.swift in Sources */ = {isa = PBXBuildFile; fileRef = 57C2FAE927567FA400AB5149 /* NotificationName.swift */; };
		57C2FAEB27567FA400AB5149 /* NotificationName.swift in Sources */ = {isa = PBXBuildFile; fileRef = 57C2FAE927567FA400AB5149 /* NotificationName.swift */; };
		57C2FAF027568A0A00AB5149 /* NotificationCenter.swift in Sources */ = {isa = PBXBuildFile; fileRef = 57C2FAEF27568A0A00AB5149 /* NotificationCenter.swift */; };
		57C2FAF127568A0A00AB5149 /* NotificationCenter.swift in Sources */ = {isa = PBXBuildFile; fileRef = 57C2FAEF27568A0A00AB5149 /* NotificationCenter.swift */; };
		57C2FAF327568EBA00AB5149 /* Deeplink.swift in Sources */ = {isa = PBXBuildFile; fileRef = 57C2FAF227568EBA00AB5149 /* Deeplink.swift */; };
		57C2FAF427568EBA00AB5149 /* Deeplink.swift in Sources */ = {isa = PBXBuildFile; fileRef = 57C2FAF227568EBA00AB5149 /* Deeplink.swift */; };
		57C2FAF627568FE700AB5149 /* DeeplinkSubject.swift in Sources */ = {isa = PBXBuildFile; fileRef = 57C2FAF527568FE700AB5149 /* DeeplinkSubject.swift */; };
		57C2FAF727568FE700AB5149 /* DeeplinkSubject.swift in Sources */ = {isa = PBXBuildFile; fileRef = 57C2FAF527568FE700AB5149 /* DeeplinkSubject.swift */; };
		57C2FAFA275690F400AB5149 /* EnvironmentValues.swift in Sources */ = {isa = PBXBuildFile; fileRef = 57C2FAF9275690F400AB5149 /* EnvironmentValues.swift */; };
		57C2FAFB275690F400AB5149 /* EnvironmentValues.swift in Sources */ = {isa = PBXBuildFile; fileRef = 57C2FAF9275690F400AB5149 /* EnvironmentValues.swift */; };
		57D19C1B26C65EE3009BF80F /* AppState.swift in Sources */ = {isa = PBXBuildFile; fileRef = 57D19C1A26C65EE3009BF80F /* AppState.swift */; };
		57D19C1C26C65EE3009BF80F /* AppState.swift in Sources */ = {isa = PBXBuildFile; fileRef = 57D19C1A26C65EE3009BF80F /* AppState.swift */; };
		57D19C2126C6AD04009BF80F /* PreviewTemplateInteractor.swift in Sources */ = {isa = PBXBuildFile; fileRef = 57D19C2026C6AD04009BF80F /* PreviewTemplateInteractor.swift */; };
		57D19C2226C6AD04009BF80F /* PreviewTemplateInteractor.swift in Sources */ = {isa = PBXBuildFile; fileRef = 57D19C2026C6AD04009BF80F /* PreviewTemplateInteractor.swift */; };
		57EA552D278EBE94001088A0 /* Swinject in Frameworks */ = {isa = PBXBuildFile; productRef = 57EA552C278EBE94001088A0 /* Swinject */; };
		57EA5533278EC2B7001088A0 /* Swinject in Frameworks */ = {isa = PBXBuildFile; productRef = 57EA5532278EC2B7001088A0 /* Swinject */; };
		57EA5535278EC2BB001088A0 /* Moya in Frameworks */ = {isa = PBXBuildFile; productRef = 57EA5534278EC2BB001088A0 /* Moya */; };
		57ED1D6726C55787002964F9 /* PreviewAssembler.swift in Sources */ = {isa = PBXBuildFile; fileRef = 57ED1D6626C55787002964F9 /* PreviewAssembler.swift */; };
		57ED1D6826C55787002964F9 /* PreviewAssembler.swift in Sources */ = {isa = PBXBuildFile; fileRef = 57ED1D6626C55787002964F9 /* PreviewAssembler.swift */; };
		57F4EC0726C6DC5A00C2214D /* Images.xcassets in Resources */ = {isa = PBXBuildFile; fileRef = 57F4EC0526C6DC5A00C2214D /* Images.xcassets */; };
		57F4EC0826C6DC5A00C2214D /* Images.xcassets in Resources */ = {isa = PBXBuildFile; fileRef = 57F4EC0526C6DC5A00C2214D /* Images.xcassets */; };
		57F4EC0926C6DC5A00C2214D /* Colors.xcassets in Resources */ = {isa = PBXBuildFile; fileRef = 57F4EC0626C6DC5A00C2214D /* Colors.xcassets */; };
		57F4EC0A26C6DC5A00C2214D /* Colors.xcassets in Resources */ = {isa = PBXBuildFile; fileRef = 57F4EC0626C6DC5A00C2214D /* Colors.xcassets */; };
		57F4EC1126C6DDCF00C2214D /* App.swift in Sources */ = {isa = PBXBuildFile; fileRef = 57F4EC1026C6DDCF00C2214D /* App.swift */; };
		57F4EC1226C6DDCF00C2214D /* App.swift in Sources */ = {isa = PBXBuildFile; fileRef = 57F4EC1026C6DDCF00C2214D /* App.swift */; };
		57F7023026C54B8B00583D47 /* DefaultTemplateInteractor.swift in Sources */ = {isa = PBXBuildFile; fileRef = 57F7022F26C54B8B00583D47 /* DefaultTemplateInteractor.swift */; };
		57F7023126C54B8B00583D47 /* DefaultTemplateInteractor.swift in Sources */ = {isa = PBXBuildFile; fileRef = 57F7022F26C54B8B00583D47 /* DefaultTemplateInteractor.swift */; };
		57F7023426C54BAE00583D47 /* TemplateState.swift in Sources */ = {isa = PBXBuildFile; fileRef = 57F7023326C54BAE00583D47 /* TemplateState.swift */; };
		57F7023526C54BAE00583D47 /* TemplateState.swift in Sources */ = {isa = PBXBuildFile; fileRef = 57F7023326C54BAE00583D47 /* TemplateState.swift */; };
		57F7023E26C54C2400583D47 /* TemplateAssemblies.swift in Sources */ = {isa = PBXBuildFile; fileRef = 57F7023D26C54C2400583D47 /* TemplateAssemblies.swift */; };
		57F7023F26C54C2400583D47 /* TemplateAssemblies.swift in Sources */ = {isa = PBXBuildFile; fileRef = 57F7023D26C54C2400583D47 /* TemplateAssemblies.swift */; };
/* End PBXBuildFile section */

/* Begin PBXContainerItemProxy section */
		57273E3A26C539D00086A7DF /* PBXContainerItemProxy */ = {
			isa = PBXContainerItemProxy;
			containerPortal = 57273E2226C539A00086A7DF /* Project object */;
			proxyType = 1;
			remoteGlobalIDString = 57273E2D26C539D00086A7DF;
			remoteInfo = "Template SwiftUI App (iOS)";
		};
		57273E4426C539D00086A7DF /* PBXContainerItemProxy */ = {
			isa = PBXContainerItemProxy;
			containerPortal = 57273E2226C539A00086A7DF /* Project object */;
			proxyType = 1;
			remoteGlobalIDString = 57273E3326C539D00086A7DF;
			remoteInfo = "Template SwiftUI App (macOS)";
		};
/* End PBXContainerItemProxy section */

/* Begin PBXFileReference section */
		5715C4582770B54400A41ED7 /* TargetNetworkingProvider.swift */ = {isa = PBXFileReference; lastKnownFileType = sourcecode.swift; path = TargetNetworkingProvider.swift; sourceTree = "<group>"; };
		5715C45B2770D2A300A41ED7 /* Cache.swift */ = {isa = PBXFileReference; lastKnownFileType = sourcecode.swift; path = Cache.swift; sourceTree = "<group>"; };
		5715C45E2770E4BD00A41ED7 /* Pluginable.swift */ = {isa = PBXFileReference; lastKnownFileType = sourcecode.swift; path = Pluginable.swift; sourceTree = "<group>"; };
		57273E2726C539A10086A7DF /* TemplateSwiftUIApp.swift */ = {isa = PBXFileReference; lastKnownFileType = sourcecode.swift; path = TemplateSwiftUIApp.swift; sourceTree = "<group>"; };
		57273E2826C539A10086A7DF /* TemplateView.swift */ = {isa = PBXFileReference; lastKnownFileType = sourcecode.swift; path = TemplateView.swift; sourceTree = "<group>"; };
		57273E2E26C539D00086A7DF /* Template SwiftUI App.app */ = {isa = PBXFileReference; explicitFileType = wrapper.application; includeInIndex = 0; path = "Template SwiftUI App.app"; sourceTree = BUILT_PRODUCTS_DIR; };
		57273E3426C539D00086A7DF /* Template SwiftUI App.app */ = {isa = PBXFileReference; explicitFileType = wrapper.application; includeInIndex = 0; path = "Template SwiftUI App.app"; sourceTree = BUILT_PRODUCTS_DIR; };
		57273E3926C539D00086A7DF /* Tests (iOS).xctest */ = {isa = PBXFileReference; explicitFileType = wrapper.cfbundle; includeInIndex = 0; path = "Tests (iOS).xctest"; sourceTree = BUILT_PRODUCTS_DIR; };
		57273E3D26C539D00086A7DF /* DefaultTestCase.swift */ = {isa = PBXFileReference; lastKnownFileType = sourcecode.swift; path = DefaultTestCase.swift; sourceTree = "<group>"; };
		57273E4326C539D00086A7DF /* Tests (macOS).xctest */ = {isa = PBXFileReference; explicitFileType = wrapper.cfbundle; includeInIndex = 0; path = "Tests (macOS).xctest"; sourceTree = BUILT_PRODUCTS_DIR; };
		57273E4726C539D00086A7DF /* DefaultTestCase.swift */ = {isa = PBXFileReference; lastKnownFileType = sourcecode.swift; path = DefaultTestCase.swift; sourceTree = "<group>"; };
		5732CBB327720A03003DF6FE /* DefaultTemplate.swift */ = {isa = PBXFileReference; fileEncoding = 4; lastKnownFileType = sourcecode.swift; path = DefaultTemplate.swift; sourceTree = "<group>"; };
		5732CBC527720CD5003DF6FE /* TemplateFetchable.swift */ = {isa = PBXFileReference; fileEncoding = 4; lastKnownFileType = sourcecode.swift; path = TemplateFetchable.swift; sourceTree = "<group>"; };
		5732CBCC27720D33003DF6FE /* DefaultFetchersAssembly.swift */ = {isa = PBXFileReference; fileEncoding = 4; lastKnownFileType = sourcecode.swift; path = DefaultFetchersAssembly.swift; sourceTree = "<group>"; };
		5732CBCF27720D44003DF6FE /* MockNetworking.swift */ = {isa = PBXFileReference; fileEncoding = 4; lastKnownFileType = sourcecode.swift; path = MockNetworking.swift; sourceTree = "<group>"; };
		5732CBD027720D44003DF6FE /* Caching.swift */ = {isa = PBXFileReference; fileEncoding = 4; lastKnownFileType = sourcecode.swift; path = Caching.swift; sourceTree = "<group>"; };
		573644A7278D836200C51F4A /* DefaultNetworking.swift */ = {isa = PBXFileReference; lastKnownFileType = sourcecode.swift; path = DefaultNetworking.swift; sourceTree = "<group>"; };
		573644AA278D8D1600C51F4A /* TemplateProtocols .swift */ = {isa = PBXFileReference; lastKnownFileType = sourcecode.swift; path = "TemplateProtocols .swift"; sourceTree = "<group>"; };
		573BFB322726C1A000350EB8 /* RoutingView.swift */ = {isa = PBXFileReference; lastKnownFileType = sourcecode.swift; path = RoutingView.swift; sourceTree = "<group>"; };
		574775DF26E3DA2500937B40 /* MoyaProvider.swift */ = {isa = PBXFileReference; lastKnownFileType = sourcecode.swift; path = MoyaProvider.swift; sourceTree = "<group>"; };
		57A554B7276C6D8E00180021 /* Template.swift */ = {isa = PBXFileReference; lastKnownFileType = sourcecode.swift; path = Template.swift; sourceTree = "<group>"; };
		57A554BA276C6E5A00180021 /* Targetable.swift */ = {isa = PBXFileReference; lastKnownFileType = sourcecode.swift; path = Targetable.swift; sourceTree = "<group>"; };
		57A90274270A0F2C00F266A1 /* DefaultTemplateRoutingView.swift */ = {isa = PBXFileReference; lastKnownFileType = sourcecode.swift; path = DefaultTemplateRoutingView.swift; sourceTree = "<group>"; };
		57A90277270A16EA00F266A1 /* TemplateSwiftUIScene.swift */ = {isa = PBXFileReference; lastKnownFileType = sourcecode.swift; path = TemplateSwiftUIScene.swift; sourceTree = "<group>"; };
		57A9027D270A178700F266A1 /* NavigationViewModifier.swift */ = {isa = PBXFileReference; lastKnownFileType = sourcecode.swift; path = NavigationViewModifier.swift; sourceTree = "<group>"; };
		57C1B5CA26E3CE5200BBF286 /* StateDataWrap.swift */ = {isa = PBXFileReference; lastKnownFileType = sourcecode.swift; path = StateDataWrap.swift; sourceTree = "<group>"; };
		57C2FAE62756778B00AB5149 /* View.swift */ = {isa = PBXFileReference; lastKnownFileType = sourcecode.swift; path = View.swift; sourceTree = "<group>"; };
		57C2FAE927567FA400AB5149 /* NotificationName.swift */ = {isa = PBXFileReference; lastKnownFileType = sourcecode.swift; path = NotificationName.swift; sourceTree = "<group>"; };
		57C2FAEF27568A0A00AB5149 /* NotificationCenter.swift */ = {isa = PBXFileReference; lastKnownFileType = sourcecode.swift; path = NotificationCenter.swift; sourceTree = "<group>"; };
		57C2FAF227568EBA00AB5149 /* Deeplink.swift */ = {isa = PBXFileReference; lastKnownFileType = sourcecode.swift; path = Deeplink.swift; sourceTree = "<group>"; };
		57C2FAF527568FE700AB5149 /* DeeplinkSubject.swift */ = {isa = PBXFileReference; lastKnownFileType = sourcecode.swift; path = DeeplinkSubject.swift; sourceTree = "<group>"; };
		57C2FAF9275690F400AB5149 /* EnvironmentValues.swift */ = {isa = PBXFileReference; lastKnownFileType = sourcecode.swift; path = EnvironmentValues.swift; sourceTree = "<group>"; };
		57D19C1A26C65EE3009BF80F /* AppState.swift */ = {isa = PBXFileReference; lastKnownFileType = sourcecode.swift; path = AppState.swift; sourceTree = "<group>"; };
		57D19C2026C6AD04009BF80F /* PreviewTemplateInteractor.swift */ = {isa = PBXFileReference; lastKnownFileType = sourcecode.swift; path = PreviewTemplateInteractor.swift; sourceTree = "<group>"; };
		57ED1D6626C55787002964F9 /* PreviewAssembler.swift */ = {isa = PBXFileReference; lastKnownFileType = sourcecode.swift; path = PreviewAssembler.swift; sourceTree = "<group>"; };
		57F4EC0526C6DC5A00C2214D /* Images.xcassets */ = {isa = PBXFileReference; lastKnownFileType = folder.assetcatalog; path = Images.xcassets; sourceTree = "<group>"; };
		57F4EC0626C6DC5A00C2214D /* Colors.xcassets */ = {isa = PBXFileReference; lastKnownFileType = folder.assetcatalog; path = Colors.xcassets; sourceTree = "<group>"; };
		57F4EC1026C6DDCF00C2214D /* App.swift */ = {isa = PBXFileReference; lastKnownFileType = sourcecode.swift; path = App.swift; sourceTree = "<group>"; };
		57F7022F26C54B8B00583D47 /* DefaultTemplateInteractor.swift */ = {isa = PBXFileReference; lastKnownFileType = sourcecode.swift; path = DefaultTemplateInteractor.swift; sourceTree = "<group>"; };
		57F7023326C54BAE00583D47 /* TemplateState.swift */ = {isa = PBXFileReference; lastKnownFileType = sourcecode.swift; path = TemplateState.swift; sourceTree = "<group>"; };
		57F7023D26C54C2400583D47 /* TemplateAssemblies.swift */ = {isa = PBXFileReference; lastKnownFileType = sourcecode.swift; path = TemplateAssemblies.swift; sourceTree = "<group>"; };
/* End PBXFileReference section */

/* Begin PBXFrameworksBuildPhase section */
		57273E2B26C539D00086A7DF /* Frameworks */ = {
			isa = PBXFrameworksBuildPhase;
			buildActionMask = 2147483647;
			files = (
				573644A5278D820400C51F4A /* Moya in Frameworks */,
				57EA552D278EBE94001088A0 /* Swinject in Frameworks */,
			);
			runOnlyForDeploymentPostprocessing = 0;
		};
		57273E3126C539D00086A7DF /* Frameworks */ = {
			isa = PBXFrameworksBuildPhase;
			buildActionMask = 2147483647;
			files = (
				57EA5535278EC2BB001088A0 /* Moya in Frameworks */,
				57EA5533278EC2B7001088A0 /* Swinject in Frameworks */,
			);
			runOnlyForDeploymentPostprocessing = 0;
		};
		57273E3626C539D00086A7DF /* Frameworks */ = {
			isa = PBXFrameworksBuildPhase;
			buildActionMask = 2147483647;
			files = (
			);
			runOnlyForDeploymentPostprocessing = 0;
		};
		57273E4026C539D00086A7DF /* Frameworks */ = {
			isa = PBXFrameworksBuildPhase;
			buildActionMask = 2147483647;
			files = (
			);
			runOnlyForDeploymentPostprocessing = 0;
		};
/* End PBXFrameworksBuildPhase section */

/* Begin PBXGroup section */
		57273E2126C539A00086A7DF = {
			isa = PBXGroup;
			children = (
				57273E5F26C53A9B0086A7DF /* Sources */,
				57273E5E26C53A930086A7DF /* Resources */,
				57273E5D26C53A8D0086A7DF /* Tests */,
				57273E2F26C539D00086A7DF /* Products */,
				579ECB2B26C54A03004D006A /* Frameworks */,
			);
			sourceTree = "<group>";
		};
		57273E2F26C539D00086A7DF /* Products */ = {
			isa = PBXGroup;
			children = (
				57273E2E26C539D00086A7DF /* Template SwiftUI App.app */,
				57273E3426C539D00086A7DF /* Template SwiftUI App.app */,
				57273E3926C539D00086A7DF /* Tests (iOS).xctest */,
				57273E4326C539D00086A7DF /* Tests (macOS).xctest */,
			);
			name = Products;
			sourceTree = "<group>";
		};
		57273E3C26C539D00086A7DF /* iOS */ = {
			isa = PBXGroup;
			children = (
				57273E3D26C539D00086A7DF /* DefaultTestCase.swift */,
			);
			path = iOS;
			sourceTree = "<group>";
		};
		57273E4626C539D00086A7DF /* macOS */ = {
			isa = PBXGroup;
			children = (
				57273E4726C539D00086A7DF /* DefaultTestCase.swift */,
			);
			path = macOS;
			sourceTree = "<group>";
		};
		57273E5D26C53A8D0086A7DF /* Tests */ = {
			isa = PBXGroup;
			children = (
				57273E3C26C539D00086A7DF /* iOS */,
				57273E4626C539D00086A7DF /* macOS */,
			);
			path = Tests;
			sourceTree = "<group>";
		};
		57273E5E26C53A930086A7DF /* Resources */ = {
			isa = PBXGroup;
			children = (
				57F4EC0626C6DC5A00C2214D /* Colors.xcassets */,
				57F4EC0526C6DC5A00C2214D /* Images.xcassets */,
			);
			path = Resources;
			sourceTree = "<group>";
		};
		57273E5F26C53A9B0086A7DF /* Sources */ = {
			isa = PBXGroup;
			children = (
				57273E6026C53B3A0086A7DF /* Components */,
				57273E6326C53B7C0086A7DF /* Fetchers */,
				57273E6226C53B6D0086A7DF /* Entities */,
				5750290926E3D82C00C2A2D9 /* Styling */,
				57A90280270A1A7E00F266A1 /* Views */,
				57273E6126C53B410086A7DF /* Utilities */,
				57DB95B426D790D60077EC4B /* Objects */,
				57DB95B726D7918F0077EC4B /* Extensions */,
				57DB95B926D7919C0077EC4B /* Protocols */,
				57DB95B826D791950077EC4B /* Enumerations */,
			);
			path = Sources;
			sourceTree = "<group>";
		};
		57273E6026C53B3A0086A7DF /* Components */ = {
			isa = PBXGroup;
			children = (
				579ECB2726C54820004D006A /* Template */,
			);
			path = Components;
			sourceTree = "<group>";
		};
		57273E6126C53B410086A7DF /* Utilities */ = {
			isa = PBXGroup;
			children = (
				573644A6278D82C300C51F4A /* Assemblies */,
				57A554B6276C6D7000180021 /* Targets */,
				57C2FAF82756906300AB5149 /* EnvironmentKeys */,
				57273E2726C539A10086A7DF /* TemplateSwiftUIApp.swift */,
				57ED1D6626C55787002964F9 /* PreviewAssembler.swift */,
				57A90277270A16EA00F266A1 /* TemplateSwiftUIScene.swift */,
				57A9027D270A178700F266A1 /* NavigationViewModifier.swift */,
				573BFB322726C1A000350EB8 /* RoutingView.swift */,
				5715C45E2770E4BD00A41ED7 /* Pluginable.swift */,
			);
			path = Utilities;
			sourceTree = "<group>";
		};
		57273E6226C53B6D0086A7DF /* Entities */ = {
			isa = PBXGroup;
			children = (
			);
			path = Entities;
			sourceTree = "<group>";
		};
		57273E6326C53B7C0086A7DF /* Fetchers */ = {
			isa = PBXGroup;
			children = (
				5732CBCB27720D33003DF6FE /* Utilities */,
				5732CBC427720CD5003DF6FE /* Protocols */,
				5732CBB327720A03003DF6FE /* DefaultTemplate.swift */,
			);
			path = Fetchers;
			sourceTree = "<group>";
		};
		5732CBC427720CD5003DF6FE /* Protocols */ = {
			isa = PBXGroup;
			children = (
				5732CBC527720CD5003DF6FE /* TemplateFetchable.swift */,
			);
			path = Protocols;
			sourceTree = "<group>";
		};
		5732CBCB27720D33003DF6FE /* Utilities */ = {
			isa = PBXGroup;
			children = (
				5732CBCC27720D33003DF6FE /* DefaultFetchersAssembly.swift */,
			);
			path = Utilities;
			sourceTree = "<group>";
		};
		573644A6278D82C300C51F4A /* Assemblies */ = {
			isa = PBXGroup;
			children = (
				57F4EC1026C6DDCF00C2214D /* App.swift */,
				5732CBD027720D44003DF6FE /* Caching.swift */,
				573644A7278D836200C51F4A /* DefaultNetworking.swift */,
				5732CBCF27720D44003DF6FE /* MockNetworking.swift */,
			);
			path = Assemblies;
			sourceTree = "<group>";
		};
		5750290926E3D82C00C2A2D9 /* Styling */ = {
			isa = PBXGroup;
			children = (
			);
			path = Styling;
			sourceTree = "<group>";
		};
		579ECB2726C54820004D006A /* Template */ = {
			isa = PBXGroup;
			children = (
				57F7022D26C54B4A00583D47 /* Units */,
				57F7022E26C54B5600583D47 /* Utilities */,
			);
			path = Template;
			sourceTree = "<group>";
		};
		579ECB2B26C54A03004D006A /* Frameworks */ = {
			isa = PBXGroup;
			children = (
			);
			name = Frameworks;
			sourceTree = "<group>";
		};
		57A554B6276C6D7000180021 /* Targets */ = {
			isa = PBXGroup;
			children = (
				57A554B7276C6D8E00180021 /* Template.swift */,
			);
			path = Targets;
			sourceTree = "<group>";
		};
		57A90280270A1A7E00F266A1 /* Views */ = {
			isa = PBXGroup;
			children = (
			);
			path = Views;
			sourceTree = "<group>";
		};
		57C2FAF82756906300AB5149 /* EnvironmentKeys */ = {
			isa = PBXGroup;
			children = (
				57C2FAF527568FE700AB5149 /* DeeplinkSubject.swift */,
			);
			path = EnvironmentKeys;
			sourceTree = "<group>";
		};
		57DB95B426D790D60077EC4B /* Objects */ = {
			isa = PBXGroup;
			children = (
				57DB95B626D7911B0077EC4B /* Structures */,
				57DB95B526D790DE0077EC4B /* Classes */,
			);
			path = Objects;
			sourceTree = "<group>";
		};
		57DB95B526D790DE0077EC4B /* Classes */ = {
			isa = PBXGroup;
			children = (
				57D19C1A26C65EE3009BF80F /* AppState.swift */,
				5715C45B2770D2A300A41ED7 /* Cache.swift */,
			);
			path = Classes;
			sourceTree = "<group>";
		};
		57DB95B626D7911B0077EC4B /* Structures */ = {
			isa = PBXGroup;
			children = (
				5715C4582770B54400A41ED7 /* TargetNetworkingProvider.swift */,
			);
			path = Structures;
			sourceTree = "<group>";
		};
		57DB95B726D7918F0077EC4B /* Extensions */ = {
			isa = PBXGroup;
			children = (
				574775DF26E3DA2500937B40 /* MoyaProvider.swift */,
				57C2FAE62756778B00AB5149 /* View.swift */,
				57C2FAE927567FA400AB5149 /* NotificationName.swift */,
				57C2FAEF27568A0A00AB5149 /* NotificationCenter.swift */,
				57C2FAF9275690F400AB5149 /* EnvironmentValues.swift */,
			);
			path = Extensions;
			sourceTree = "<group>";
		};
		57DB95B826D791950077EC4B /* Enumerations */ = {
			isa = PBXGroup;
			children = (
				57C1B5CA26E3CE5200BBF286 /* StateDataWrap.swift */,
				57C2FAF227568EBA00AB5149 /* Deeplink.swift */,
			);
			path = Enumerations;
			sourceTree = "<group>";
		};
		57DB95B926D7919C0077EC4B /* Protocols */ = {
			isa = PBXGroup;
			children = (
				57A554BA276C6E5A00180021 /* Targetable.swift */,
			);
			path = Protocols;
			sourceTree = "<group>";
		};
		57F7022D26C54B4A00583D47 /* Units */ = {
			isa = PBXGroup;
			children = (
				57A90274270A0F2C00F266A1 /* DefaultTemplateRoutingView.swift */,
				57273E2826C539A10086A7DF /* TemplateView.swift */,
				57F7022F26C54B8B00583D47 /* DefaultTemplateInteractor.swift */,
				57D19C2026C6AD04009BF80F /* PreviewTemplateInteractor.swift */,
				57F7023326C54BAE00583D47 /* TemplateState.swift */,
			);
			path = Units;
			sourceTree = "<group>";
		};
		57F7022E26C54B5600583D47 /* Utilities */ = {
			isa = PBXGroup;
			children = (
				57F7023D26C54C2400583D47 /* TemplateAssemblies.swift */,
				573644AA278D8D1600C51F4A /* TemplateProtocols .swift */,
			);
			path = Utilities;
			sourceTree = "<group>";
		};
/* End PBXGroup section */

/* Begin PBXNativeTarget section */
		57273E2D26C539D00086A7DF /* Template SwiftUI App (iOS) */ = {
			isa = PBXNativeTarget;
			buildConfigurationList = 57273E5126C539D00086A7DF /* Build configuration list for PBXNativeTarget "Template SwiftUI App (iOS)" */;
			buildPhases = (
				57273E2A26C539D00086A7DF /* Sources */,
				573644AD278D8EA000C51F4A /* SwiftLint */,
				57273E2B26C539D00086A7DF /* Frameworks */,
				57273E2C26C539D00086A7DF /* Resources */,
			);
			buildRules = (
			);
			dependencies = (
			);
			name = "Template SwiftUI App (iOS)";
			packageProductDependencies = (
				573644A4278D820400C51F4A /* Moya */,
				57EA552C278EBE94001088A0 /* Swinject */,
			);
			productName = "Template SwiftUI App (iOS)";
			productReference = 57273E2E26C539D00086A7DF /* Template SwiftUI App.app */;
			productType = "com.apple.product-type.application";
		};
		57273E3326C539D00086A7DF /* Template SwiftUI App (macOS) */ = {
			isa = PBXNativeTarget;
			buildConfigurationList = 57273E5426C539D00086A7DF /* Build configuration list for PBXNativeTarget "Template SwiftUI App (macOS)" */;
			buildPhases = (
				57273E3026C539D00086A7DF /* Sources */,
				573644AE278D8EC200C51F4A /* SwiftLint */,
				57273E3126C539D00086A7DF /* Frameworks */,
				57273E3226C539D00086A7DF /* Resources */,
			);
			buildRules = (
			);
			dependencies = (
			);
			name = "Template SwiftUI App (macOS)";
			packageProductDependencies = (
				57EA5532278EC2B7001088A0 /* Swinject */,
				57EA5534278EC2BB001088A0 /* Moya */,
			);
			productName = "Template SwiftUI App (macOS)";
			productReference = 57273E3426C539D00086A7DF /* Template SwiftUI App.app */;
			productType = "com.apple.product-type.application";
		};
		57273E3826C539D00086A7DF /* Tests (iOS) */ = {
			isa = PBXNativeTarget;
			buildConfigurationList = 57273E5726C539D00086A7DF /* Build configuration list for PBXNativeTarget "Tests (iOS)" */;
			buildPhases = (
				57273E3526C539D00086A7DF /* Sources */,
				57273E3626C539D00086A7DF /* Frameworks */,
				57273E3726C539D00086A7DF /* Resources */,
			);
			buildRules = (
			);
			dependencies = (
				57273E3B26C539D00086A7DF /* PBXTargetDependency */,
			);
			name = "Tests (iOS)";
			productName = "Tests (iOS)";
			productReference = 57273E3926C539D00086A7DF /* Tests (iOS).xctest */;
			productType = "com.apple.product-type.bundle.ui-testing";
		};
		57273E4226C539D00086A7DF /* Tests (macOS) */ = {
			isa = PBXNativeTarget;
			buildConfigurationList = 57273E5A26C539D00086A7DF /* Build configuration list for PBXNativeTarget "Tests (macOS)" */;
			buildPhases = (
				57273E3F26C539D00086A7DF /* Sources */,
				57273E4026C539D00086A7DF /* Frameworks */,
				57273E4126C539D00086A7DF /* Resources */,
			);
			buildRules = (
			);
			dependencies = (
				57273E4526C539D00086A7DF /* PBXTargetDependency */,
			);
			name = "Tests (macOS)";
			productName = "Tests (macOS)";
			productReference = 57273E4326C539D00086A7DF /* Tests (macOS).xctest */;
			productType = "com.apple.product-type.bundle.ui-testing";
		};
/* End PBXNativeTarget section */

/* Begin PBXProject section */
		57273E2226C539A00086A7DF /* Project object */ = {
			isa = PBXProject;
			attributes = {
				BuildIndependentTargetsInParallel = 1;
				LastSwiftUpdateCheck = 1300;
				LastUpgradeCheck = 1310;
				TargetAttributes = {
					57273E2D26C539D00086A7DF = {
						CreatedOnToolsVersion = 13.0;
					};
					57273E3326C539D00086A7DF = {
						CreatedOnToolsVersion = 13.0;
					};
					57273E3826C539D00086A7DF = {
						CreatedOnToolsVersion = 13.0;
						TestTargetID = 57273E2D26C539D00086A7DF;
					};
					57273E4226C539D00086A7DF = {
						CreatedOnToolsVersion = 13.0;
						TestTargetID = 57273E3326C539D00086A7DF;
					};
				};
			};
			buildConfigurationList = 57273E2526C539A00086A7DF /* Build configuration list for PBXProject "Template SwiftUI App" */;
			compatibilityVersion = "Xcode 13.0";
			developmentRegion = en;
			hasScannedForEncodings = 0;
			knownRegions = (
				en,
				Base,
			);
			mainGroup = 57273E2126C539A00086A7DF;
			packageReferences = (
				573644A3278D820400C51F4A /* XCRemoteSwiftPackageReference "pure-moya" */,
				57EA552B278EBE94001088A0 /* XCRemoteSwiftPackageReference "Swinject" */,
			);
			productRefGroup = 57273E2F26C539D00086A7DF /* Products */;
			projectDirPath = "";
			projectRoot = "";
			targets = (
				57273E2D26C539D00086A7DF /* Template SwiftUI App (iOS) */,
				57273E3326C539D00086A7DF /* Template SwiftUI App (macOS) */,
				57273E3826C539D00086A7DF /* Tests (iOS) */,
				57273E4226C539D00086A7DF /* Tests (macOS) */,
			);
		};
/* End PBXProject section */

/* Begin PBXResourcesBuildPhase section */
		57273E2C26C539D00086A7DF /* Resources */ = {
			isa = PBXResourcesBuildPhase;
			buildActionMask = 2147483647;
			files = (
				57F4EC0726C6DC5A00C2214D /* Images.xcassets in Resources */,
				57F4EC0926C6DC5A00C2214D /* Colors.xcassets in Resources */,
			);
			runOnlyForDeploymentPostprocessing = 0;
		};
		57273E3226C539D00086A7DF /* Resources */ = {
			isa = PBXResourcesBuildPhase;
			buildActionMask = 2147483647;
			files = (
				57F4EC0826C6DC5A00C2214D /* Images.xcassets in Resources */,
				57F4EC0A26C6DC5A00C2214D /* Colors.xcassets in Resources */,
			);
			runOnlyForDeploymentPostprocessing = 0;
		};
		57273E3726C539D00086A7DF /* Resources */ = {
			isa = PBXResourcesBuildPhase;
			buildActionMask = 2147483647;
			files = (
			);
			runOnlyForDeploymentPostprocessing = 0;
		};
		57273E4126C539D00086A7DF /* Resources */ = {
			isa = PBXResourcesBuildPhase;
			buildActionMask = 2147483647;
			files = (
			);
			runOnlyForDeploymentPostprocessing = 0;
		};
/* End PBXResourcesBuildPhase section */

/* Begin PBXShellScriptBuildPhase section */
		573644AD278D8EA000C51F4A /* SwiftLint */ = {
			isa = PBXShellScriptBuildPhase;
			buildActionMask = 2147483647;
			files = (
			);
			inputFileListPaths = (
			);
			inputPaths = (
			);
			name = SwiftLint;
			outputFileListPaths = (
			);
			outputPaths = (
			);
			runOnlyForDeploymentPostprocessing = 0;
			shellPath = /bin/sh;
			shellScript = "if which swiftlint >/dev/null; then\n  swiftlint\nelse\n  echo \"warning: SwiftLint not installed, download from https://github.com/realm/SwiftLint\"\nfi\n";
		};
		573644AE278D8EC200C51F4A /* SwiftLint */ = {
			isa = PBXShellScriptBuildPhase;
			buildActionMask = 2147483647;
			files = (
			);
			inputFileListPaths = (
			);
			inputPaths = (
			);
			name = SwiftLint;
			outputFileListPaths = (
			);
			outputPaths = (
			);
			runOnlyForDeploymentPostprocessing = 0;
			shellPath = /bin/sh;
			shellScript = "if which swiftlint >/dev/null; then\n  swiftlint\nelse\n  echo \"warning: SwiftLint not installed, download from https://github.com/realm/SwiftLint\"\nfi\n";
		};
/* End PBXShellScriptBuildPhase section */

/* Begin PBXSourcesBuildPhase section */
		57273E2A26C539D00086A7DF /* Sources */ = {
			isa = PBXSourcesBuildPhase;
			buildActionMask = 2147483647;
			files = (
				57A554BB276C6E5A00180021 /* Targetable.swift in Sources */,
				57F4EC1126C6DDCF00C2214D /* App.swift in Sources */,
				5715C4592770B54400A41ED7 /* TargetNetworkingProvider.swift in Sources */,
				57A554B8276C6D8E00180021 /* Template.swift in Sources */,
				5732CBB427720A03003DF6FE /* DefaultTemplate.swift in Sources */,
				5732CBC627720CD5003DF6FE /* TemplateFetchable.swift in Sources */,
				5715C45F2770E4BD00A41ED7 /* Pluginable.swift in Sources */,
				57C1B5CB26E3CE5200BBF286 /* StateDataWrap.swift in Sources */,
				574775E026E3DA2500937B40 /* MoyaProvider.swift in Sources */,
				57C2FAE72756778B00AB5149 /* View.swift in Sources */,
				57ED1D6726C55787002964F9 /* PreviewAssembler.swift in Sources */,
				57C2FAEA27567FA400AB5149 /* NotificationName.swift in Sources */,
				573BFB332726C1A000350EB8 /* RoutingView.swift in Sources */,
				57C2FAF027568A0A00AB5149 /* NotificationCenter.swift in Sources */,
				57A9027E270A178700F266A1 /* NavigationViewModifier.swift in Sources */,
				57D19C2126C6AD04009BF80F /* PreviewTemplateInteractor.swift in Sources */,
				57C2FAF627568FE700AB5149 /* DeeplinkSubject.swift in Sources */,
				57F7023026C54B8B00583D47 /* DefaultTemplateInteractor.swift in Sources */,
				5732CBD327720D44003DF6FE /* Caching.swift in Sources */,
				5732CBD127720D44003DF6FE /* MockNetworking.swift in Sources */,
				57273E4B26C539D00086A7DF /* TemplateView.swift in Sources */,
				57273E4926C539D00086A7DF /* TemplateSwiftUIApp.swift in Sources */,
				5732CBCD27720D33003DF6FE /* DefaultFetchersAssembly.swift in Sources */,
				573644A8278D836200C51F4A /* DefaultNetworking.swift in Sources */,
				57F7023E26C54C2400583D47 /* TemplateAssemblies.swift in Sources */,
				57D19C1B26C65EE3009BF80F /* AppState.swift in Sources */,
				5715C45C2770D2A300A41ED7 /* Cache.swift in Sources */,
				57A90275270A0F2C00F266A1 /* DefaultTemplateRoutingView.swift in Sources */,
				57C2FAFA275690F400AB5149 /* EnvironmentValues.swift in Sources */,
				57A90278270A16EA00F266A1 /* TemplateSwiftUIScene.swift in Sources */,
				57F7023426C54BAE00583D47 /* TemplateState.swift in Sources */,
				573644AB278D8D1600C51F4A /* TemplateProtocols .swift in Sources */,
				57C2FAF327568EBA00AB5149 /* Deeplink.swift in Sources */,
			);
			runOnlyForDeploymentPostprocessing = 0;
		};
		57273E3026C539D00086A7DF /* Sources */ = {
			isa = PBXSourcesBuildPhase;
			buildActionMask = 2147483647;
			files = (
				57A554BC276C6E5A00180021 /* Targetable.swift in Sources */,
				57F4EC1226C6DDCF00C2214D /* App.swift in Sources */,
				5715C45A2770B54400A41ED7 /* TargetNetworkingProvider.swift in Sources */,
				57A554B9276C6D8E00180021 /* Template.swift in Sources */,
				5732CBB527720A03003DF6FE /* DefaultTemplate.swift in Sources */,
				5732CBC727720CD5003DF6FE /* TemplateFetchable.swift in Sources */,
				5715C4602770E4BD00A41ED7 /* Pluginable.swift in Sources */,
				57C1B5CC26E3CE5200BBF286 /* StateDataWrap.swift in Sources */,
				574775E126E3DA2500937B40 /* MoyaProvider.swift in Sources */,
				57C2FAE82756778B00AB5149 /* View.swift in Sources */,
				57C2FAEB27567FA400AB5149 /* NotificationName.swift in Sources */,
				573BFB342726C1A000350EB8 /* RoutingView.swift in Sources */,
				57C2FAF127568A0A00AB5149 /* NotificationCenter.swift in Sources */,
				57A9027F270A178700F266A1 /* NavigationViewModifier.swift in Sources */,
				57ED1D6826C55787002964F9 /* PreviewAssembler.swift in Sources */,
				57D19C2226C6AD04009BF80F /* PreviewTemplateInteractor.swift in Sources */,
				57C2FAF727568FE700AB5149 /* DeeplinkSubject.swift in Sources */,
				57F7023126C54B8B00583D47 /* DefaultTemplateInteractor.swift in Sources */,
				5732CBD427720D44003DF6FE /* Caching.swift in Sources */,
				5732CBD227720D44003DF6FE /* MockNetworking.swift in Sources */,
				57273E4C26C539D00086A7DF /* TemplateView.swift in Sources */,
				57273E4A26C539D00086A7DF /* TemplateSwiftUIApp.swift in Sources */,
				5732CBCE27720D33003DF6FE /* DefaultFetchersAssembly.swift in Sources */,
				573644A9278D836200C51F4A /* DefaultNetworking.swift in Sources */,
				57F7023F26C54C2400583D47 /* TemplateAssemblies.swift in Sources */,
				57D19C1C26C65EE3009BF80F /* AppState.swift in Sources */,
				5715C45D2770D2A300A41ED7 /* Cache.swift in Sources */,
				57C2FAFB275690F400AB5149 /* EnvironmentValues.swift in Sources */,
				57A90276270A0F2C00F266A1 /* DefaultTemplateRoutingView.swift in Sources */,
				57A90279270A16EA00F266A1 /* TemplateSwiftUIScene.swift in Sources */,
				57F7023526C54BAE00583D47 /* TemplateState.swift in Sources */,
				573644AC278D8D1600C51F4A /* TemplateProtocols .swift in Sources */,
				57C2FAF427568EBA00AB5149 /* Deeplink.swift in Sources */,
			);
			runOnlyForDeploymentPostprocessing = 0;
		};
		57273E3526C539D00086A7DF /* Sources */ = {
			isa = PBXSourcesBuildPhase;
			buildActionMask = 2147483647;
			files = (
				57273E3E26C539D00086A7DF /* DefaultTestCase.swift in Sources */,
			);
			runOnlyForDeploymentPostprocessing = 0;
		};
		57273E3F26C539D00086A7DF /* Sources */ = {
			isa = PBXSourcesBuildPhase;
			buildActionMask = 2147483647;
			files = (
				57273E4826C539D00086A7DF /* DefaultTestCase.swift in Sources */,
			);
			runOnlyForDeploymentPostprocessing = 0;
		};
/* End PBXSourcesBuildPhase section */

/* Begin PBXTargetDependency section */
		57273E3B26C539D00086A7DF /* PBXTargetDependency */ = {
			isa = PBXTargetDependency;
			target = 57273E2D26C539D00086A7DF /* Template SwiftUI App (iOS) */;
			targetProxy = 57273E3A26C539D00086A7DF /* PBXContainerItemProxy */;
		};
		57273E4526C539D00086A7DF /* PBXTargetDependency */ = {
			isa = PBXTargetDependency;
			target = 57273E3326C539D00086A7DF /* Template SwiftUI App (macOS) */;
			targetProxy = 57273E4426C539D00086A7DF /* PBXContainerItemProxy */;
		};
/* End PBXTargetDependency section */

/* Begin XCBuildConfiguration section */
		57273E4F26C539D00086A7DF /* Debug */ = {
			isa = XCBuildConfiguration;
			buildSettings = {
				ALWAYS_SEARCH_USER_PATHS = NO;
				CLANG_ANALYZER_NONNULL = YES;
				CLANG_ANALYZER_NUMBER_OBJECT_CONVERSION = YES_AGGRESSIVE;
				CLANG_CXX_LANGUAGE_STANDARD = "gnu++17";
				CLANG_CXX_LIBRARY = "libc++";
				CLANG_ENABLE_MODULES = YES;
				CLANG_ENABLE_OBJC_ARC = YES;
				CLANG_ENABLE_OBJC_WEAK = YES;
				CLANG_WARN_BLOCK_CAPTURE_AUTORELEASING = YES;
				CLANG_WARN_BOOL_CONVERSION = YES;
				CLANG_WARN_COMMA = YES;
				CLANG_WARN_CONSTANT_CONVERSION = YES;
				CLANG_WARN_DEPRECATED_OBJC_IMPLEMENTATIONS = YES;
				CLANG_WARN_DIRECT_OBJC_ISA_USAGE = YES_ERROR;
				CLANG_WARN_DOCUMENTATION_COMMENTS = YES;
				CLANG_WARN_EMPTY_BODY = YES;
				CLANG_WARN_ENUM_CONVERSION = YES;
				CLANG_WARN_INFINITE_RECURSION = YES;
				CLANG_WARN_INT_CONVERSION = YES;
				CLANG_WARN_NON_LITERAL_NULL_CONVERSION = YES;
				CLANG_WARN_OBJC_IMPLICIT_RETAIN_SELF = YES;
				CLANG_WARN_OBJC_LITERAL_CONVERSION = YES;
				CLANG_WARN_OBJC_ROOT_CLASS = YES_ERROR;
				CLANG_WARN_QUOTED_INCLUDE_IN_FRAMEWORK_HEADER = YES;
				CLANG_WARN_RANGE_LOOP_ANALYSIS = YES;
				CLANG_WARN_STRICT_PROTOTYPES = YES;
				CLANG_WARN_SUSPICIOUS_MOVE = YES;
				CLANG_WARN_UNGUARDED_AVAILABILITY = YES_AGGRESSIVE;
				CLANG_WARN_UNREACHABLE_CODE = YES;
				CLANG_WARN__DUPLICATE_METHOD_MATCH = YES;
				COPY_PHASE_STRIP = NO;
				DEBUG_INFORMATION_FORMAT = dwarf;
				ENABLE_STRICT_OBJC_MSGSEND = YES;
				ENABLE_TESTABILITY = YES;
				GCC_C_LANGUAGE_STANDARD = gnu11;
				GCC_DYNAMIC_NO_PIC = NO;
				GCC_NO_COMMON_BLOCKS = YES;
				GCC_OPTIMIZATION_LEVEL = 0;
				GCC_PREPROCESSOR_DEFINITIONS = (
					"DEBUG=1",
					"$(inherited)",
				);
				GCC_WARN_64_TO_32_BIT_CONVERSION = YES;
				GCC_WARN_ABOUT_RETURN_TYPE = YES_ERROR;
				GCC_WARN_UNDECLARED_SELECTOR = YES;
				GCC_WARN_UNINITIALIZED_AUTOS = YES_AGGRESSIVE;
				GCC_WARN_UNUSED_FUNCTION = YES;
				GCC_WARN_UNUSED_VARIABLE = YES;
				IPHONEOS_DEPLOYMENT_TARGET = 15.0;
				MACOSX_DEPLOYMENT_TARGET = 12.0;
				MTL_ENABLE_DEBUG_INFO = INCLUDE_SOURCE;
				MTL_FAST_MATH = YES;
				ONLY_ACTIVE_ARCH = YES;
				PRODUCT_NAME = "Template SwiftUI App";
				SWIFT_ACTIVE_COMPILATION_CONDITIONS = DEBUG;
				SWIFT_OPTIMIZATION_LEVEL = "-Onone";
				SWIFT_VERSION = 5.0;
			};
			name = Debug;
		};
		57273E5026C539D00086A7DF /* Release */ = {
			isa = XCBuildConfiguration;
			buildSettings = {
				ALWAYS_SEARCH_USER_PATHS = NO;
				CLANG_ANALYZER_NONNULL = YES;
				CLANG_ANALYZER_NUMBER_OBJECT_CONVERSION = YES_AGGRESSIVE;
				CLANG_CXX_LANGUAGE_STANDARD = "gnu++17";
				CLANG_CXX_LIBRARY = "libc++";
				CLANG_ENABLE_MODULES = YES;
				CLANG_ENABLE_OBJC_ARC = YES;
				CLANG_ENABLE_OBJC_WEAK = YES;
				CLANG_WARN_BLOCK_CAPTURE_AUTORELEASING = YES;
				CLANG_WARN_BOOL_CONVERSION = YES;
				CLANG_WARN_COMMA = YES;
				CLANG_WARN_CONSTANT_CONVERSION = YES;
				CLANG_WARN_DEPRECATED_OBJC_IMPLEMENTATIONS = YES;
				CLANG_WARN_DIRECT_OBJC_ISA_USAGE = YES_ERROR;
				CLANG_WARN_DOCUMENTATION_COMMENTS = YES;
				CLANG_WARN_EMPTY_BODY = YES;
				CLANG_WARN_ENUM_CONVERSION = YES;
				CLANG_WARN_INFINITE_RECURSION = YES;
				CLANG_WARN_INT_CONVERSION = YES;
				CLANG_WARN_NON_LITERAL_NULL_CONVERSION = YES;
				CLANG_WARN_OBJC_IMPLICIT_RETAIN_SELF = YES;
				CLANG_WARN_OBJC_LITERAL_CONVERSION = YES;
				CLANG_WARN_OBJC_ROOT_CLASS = YES_ERROR;
				CLANG_WARN_QUOTED_INCLUDE_IN_FRAMEWORK_HEADER = YES;
				CLANG_WARN_RANGE_LOOP_ANALYSIS = YES;
				CLANG_WARN_STRICT_PROTOTYPES = YES;
				CLANG_WARN_SUSPICIOUS_MOVE = YES;
				CLANG_WARN_UNGUARDED_AVAILABILITY = YES_AGGRESSIVE;
				CLANG_WARN_UNREACHABLE_CODE = YES;
				CLANG_WARN__DUPLICATE_METHOD_MATCH = YES;
				COPY_PHASE_STRIP = NO;
				DEBUG_INFORMATION_FORMAT = "dwarf-with-dsym";
				ENABLE_NS_ASSERTIONS = NO;
				ENABLE_STRICT_OBJC_MSGSEND = YES;
				GCC_C_LANGUAGE_STANDARD = gnu11;
				GCC_NO_COMMON_BLOCKS = YES;
				GCC_WARN_64_TO_32_BIT_CONVERSION = YES;
				GCC_WARN_ABOUT_RETURN_TYPE = YES_ERROR;
				GCC_WARN_UNDECLARED_SELECTOR = YES;
				GCC_WARN_UNINITIALIZED_AUTOS = YES_AGGRESSIVE;
				GCC_WARN_UNUSED_FUNCTION = YES;
				GCC_WARN_UNUSED_VARIABLE = YES;
				IPHONEOS_DEPLOYMENT_TARGET = 15.0;
				MACOSX_DEPLOYMENT_TARGET = 12.0;
				MTL_ENABLE_DEBUG_INFO = NO;
				MTL_FAST_MATH = YES;
				PRODUCT_NAME = "Template SwiftUI App";
				SWIFT_COMPILATION_MODE = wholemodule;
				SWIFT_OPTIMIZATION_LEVEL = "-O";
				SWIFT_VERSION = 5.0;
			};
			name = Release;
		};
		57273E5226C539D00086A7DF /* Debug */ = {
			isa = XCBuildConfiguration;
			buildSettings = {
				ASSETCATALOG_COMPILER_APPICON_NAME = AppIcon;
				ASSETCATALOG_COMPILER_GLOBAL_ACCENT_COLOR_NAME = AccentColor;
				CODE_SIGN_STYLE = Automatic;
				CURRENT_PROJECT_VERSION = 1;
				DEVELOPMENT_TEAM = C2SARVPG6X;
				ENABLE_PREVIEWS = YES;
				GENERATE_INFOPLIST_FILE = YES;
				INFOPLIST_KEY_UIApplicationSceneManifest_Generation = YES;
				INFOPLIST_KEY_UIApplicationSupportsIndirectInputEvents = YES;
				INFOPLIST_KEY_UILaunchScreen_Generation = YES;
				INFOPLIST_KEY_UISupportedInterfaceOrientations_iPad = "UIInterfaceOrientationPortrait UIInterfaceOrientationPortraitUpsideDown UIInterfaceOrientationLandscapeLeft UIInterfaceOrientationLandscapeRight";
				INFOPLIST_KEY_UISupportedInterfaceOrientations_iPhone = "UIInterfaceOrientationPortrait UIInterfaceOrientationLandscapeLeft UIInterfaceOrientationLandscapeRight";
				IPHONEOS_DEPLOYMENT_TARGET = 15.0;
				LD_RUNPATH_SEARCH_PATHS = (
					"$(inherited)",
					"@executable_path/Frameworks",
				);
				MARKETING_VERSION = 1.0;
				PRODUCT_BUNDLE_IDENTIFIER = com.vb.templateswiftuiapp;
				PRODUCT_NAME = "Template SwiftUI App";
				SDKROOT = iphoneos;
				SWIFT_EMIT_LOC_STRINGS = YES;
				SWIFT_VERSION = 5.0;
				TARGETED_DEVICE_FAMILY = "1,2";
			};
			name = Debug;
		};
		57273E5326C539D00086A7DF /* Release */ = {
			isa = XCBuildConfiguration;
			buildSettings = {
				ASSETCATALOG_COMPILER_APPICON_NAME = AppIcon;
				ASSETCATALOG_COMPILER_GLOBAL_ACCENT_COLOR_NAME = AccentColor;
				CODE_SIGN_STYLE = Automatic;
				CURRENT_PROJECT_VERSION = 1;
				DEVELOPMENT_TEAM = C2SARVPG6X;
				ENABLE_PREVIEWS = YES;
				GENERATE_INFOPLIST_FILE = YES;
				INFOPLIST_KEY_UIApplicationSceneManifest_Generation = YES;
				INFOPLIST_KEY_UIApplicationSupportsIndirectInputEvents = YES;
				INFOPLIST_KEY_UILaunchScreen_Generation = YES;
				INFOPLIST_KEY_UISupportedInterfaceOrientations_iPad = "UIInterfaceOrientationPortrait UIInterfaceOrientationPortraitUpsideDown UIInterfaceOrientationLandscapeLeft UIInterfaceOrientationLandscapeRight";
				INFOPLIST_KEY_UISupportedInterfaceOrientations_iPhone = "UIInterfaceOrientationPortrait UIInterfaceOrientationLandscapeLeft UIInterfaceOrientationLandscapeRight";
				IPHONEOS_DEPLOYMENT_TARGET = 15.0;
				LD_RUNPATH_SEARCH_PATHS = (
					"$(inherited)",
					"@executable_path/Frameworks",
				);
				MARKETING_VERSION = 1.0;
				PRODUCT_BUNDLE_IDENTIFIER = com.vb.templateswiftuiapp;
				PRODUCT_NAME = "Template SwiftUI App";
				SDKROOT = iphoneos;
				SWIFT_EMIT_LOC_STRINGS = YES;
				SWIFT_VERSION = 5.0;
				TARGETED_DEVICE_FAMILY = "1,2";
				VALIDATE_PRODUCT = YES;
			};
			name = Release;
		};
		57273E5526C539D00086A7DF /* Debug */ = {
			isa = XCBuildConfiguration;
			buildSettings = {
				ASSETCATALOG_COMPILER_APPICON_NAME = AppIcon;
				ASSETCATALOG_COMPILER_GLOBAL_ACCENT_COLOR_NAME = AccentColor;
				CODE_SIGN_IDENTITY = "-";
				CODE_SIGN_STYLE = Automatic;
				COMBINE_HIDPI_IMAGES = YES;
				CURRENT_PROJECT_VERSION = 1;
				DEVELOPMENT_TEAM = C2SARVPG6X;
				ENABLE_APP_SANDBOX = YES;
				ENABLE_HARDENED_RUNTIME = YES;
				ENABLE_PREVIEWS = YES;
				ENABLE_USER_SELECTED_FILES = readonly;
				GENERATE_INFOPLIST_FILE = YES;
				INFOPLIST_KEY_NSHumanReadableCopyright = "";
				LD_RUNPATH_SEARCH_PATHS = (
					"$(inherited)",
					"@executable_path/../Frameworks",
				);
				MACOSX_DEPLOYMENT_TARGET = 12.0;
				MARKETING_VERSION = 1.0;
				PRODUCT_BUNDLE_IDENTIFIER = com.vb.templateswiftuiapp;
				PRODUCT_NAME = "Template SwiftUI App";
				SDKROOT = macosx;
				SWIFT_EMIT_LOC_STRINGS = YES;
				SWIFT_VERSION = 5.0;
			};
			name = Debug;
		};
		57273E5626C539D00086A7DF /* Release */ = {
			isa = XCBuildConfiguration;
			buildSettings = {
				ASSETCATALOG_COMPILER_APPICON_NAME = AppIcon;
				ASSETCATALOG_COMPILER_GLOBAL_ACCENT_COLOR_NAME = AccentColor;
				CODE_SIGN_IDENTITY = "-";
				CODE_SIGN_STYLE = Automatic;
				COMBINE_HIDPI_IMAGES = YES;
				CURRENT_PROJECT_VERSION = 1;
				DEVELOPMENT_TEAM = C2SARVPG6X;
				ENABLE_APP_SANDBOX = YES;
				ENABLE_HARDENED_RUNTIME = YES;
				ENABLE_PREVIEWS = YES;
				ENABLE_USER_SELECTED_FILES = readonly;
				GENERATE_INFOPLIST_FILE = YES;
				INFOPLIST_KEY_NSHumanReadableCopyright = "";
				LD_RUNPATH_SEARCH_PATHS = (
					"$(inherited)",
					"@executable_path/../Frameworks",
				);
				MACOSX_DEPLOYMENT_TARGET = 12.0;
				MARKETING_VERSION = 1.0;
				PRODUCT_BUNDLE_IDENTIFIER = com.vb.templateswiftuiapp;
				PRODUCT_NAME = "Template SwiftUI App";
				SDKROOT = macosx;
				SWIFT_EMIT_LOC_STRINGS = YES;
				SWIFT_VERSION = 5.0;
			};
			name = Release;
		};
		57273E5826C539D00086A7DF /* Debug */ = {
			isa = XCBuildConfiguration;
			buildSettings = {
				ALWAYS_EMBED_SWIFT_STANDARD_LIBRARIES = YES;
				CODE_SIGN_STYLE = Automatic;
				CURRENT_PROJECT_VERSION = 1;
				DEVELOPMENT_TEAM = C2SARVPG6X;
				GENERATE_INFOPLIST_FILE = YES;
				IPHONEOS_DEPLOYMENT_TARGET = 15.0;
				LD_RUNPATH_SEARCH_PATHS = (
					"$(inherited)",
					"@executable_path/Frameworks",
					"@loader_path/Frameworks",
				);
				MARKETING_VERSION = 1.0;
				PRODUCT_BUNDLE_IDENTIFIER = com.vb.testsios;
				PRODUCT_NAME = "$(TARGET_NAME)";
				SDKROOT = iphoneos;
				SWIFT_EMIT_LOC_STRINGS = NO;
				SWIFT_VERSION = 5.0;
				TARGETED_DEVICE_FAMILY = "1,2";
				TEST_TARGET_NAME = "Template SwiftUI App (iOS)";
			};
			name = Debug;
		};
		57273E5926C539D00086A7DF /* Release */ = {
			isa = XCBuildConfiguration;
			buildSettings = {
				ALWAYS_EMBED_SWIFT_STANDARD_LIBRARIES = YES;
				CODE_SIGN_STYLE = Automatic;
				CURRENT_PROJECT_VERSION = 1;
				DEVELOPMENT_TEAM = C2SARVPG6X;
				GENERATE_INFOPLIST_FILE = YES;
				IPHONEOS_DEPLOYMENT_TARGET = 15.0;
				LD_RUNPATH_SEARCH_PATHS = (
					"$(inherited)",
					"@executable_path/Frameworks",
					"@loader_path/Frameworks",
				);
				MARKETING_VERSION = 1.0;
				PRODUCT_BUNDLE_IDENTIFIER = com.vb.testsios;
				PRODUCT_NAME = "$(TARGET_NAME)";
				SDKROOT = iphoneos;
				SWIFT_EMIT_LOC_STRINGS = NO;
				SWIFT_VERSION = 5.0;
				TARGETED_DEVICE_FAMILY = "1,2";
				TEST_TARGET_NAME = "Template SwiftUI App (iOS)";
				VALIDATE_PRODUCT = YES;
			};
			name = Release;
		};
		57273E5B26C539D00086A7DF /* Debug */ = {
			isa = XCBuildConfiguration;
			buildSettings = {
				ALWAYS_EMBED_SWIFT_STANDARD_LIBRARIES = YES;
				CODE_SIGN_STYLE = Automatic;
				COMBINE_HIDPI_IMAGES = YES;
				CURRENT_PROJECT_VERSION = 1;
				DEVELOPMENT_TEAM = C2SARVPG6X;
				GENERATE_INFOPLIST_FILE = YES;
				LD_RUNPATH_SEARCH_PATHS = (
					"$(inherited)",
					"@executable_path/../Frameworks",
					"@loader_path/../Frameworks",
				);
				MACOSX_DEPLOYMENT_TARGET = 12.0;
				MARKETING_VERSION = 1.0;
				PRODUCT_BUNDLE_IDENTIFIER = com.vb.testsmacos;
				PRODUCT_NAME = "$(TARGET_NAME)";
				SDKROOT = macosx;
				SWIFT_EMIT_LOC_STRINGS = NO;
				SWIFT_VERSION = 5.0;
				TEST_TARGET_NAME = "Template SwiftUI App (macOS)";
			};
			name = Debug;
		};
		57273E5C26C539D00086A7DF /* Release */ = {
			isa = XCBuildConfiguration;
			buildSettings = {
				ALWAYS_EMBED_SWIFT_STANDARD_LIBRARIES = YES;
				CODE_SIGN_STYLE = Automatic;
				COMBINE_HIDPI_IMAGES = YES;
				CURRENT_PROJECT_VERSION = 1;
				DEVELOPMENT_TEAM = C2SARVPG6X;
				GENERATE_INFOPLIST_FILE = YES;
				LD_RUNPATH_SEARCH_PATHS = (
					"$(inherited)",
					"@executable_path/../Frameworks",
					"@loader_path/../Frameworks",
				);
				MACOSX_DEPLOYMENT_TARGET = 12.0;
				MARKETING_VERSION = 1.0;
				PRODUCT_BUNDLE_IDENTIFIER = com.vb.testsmacos;
				PRODUCT_NAME = "$(TARGET_NAME)";
				SDKROOT = macosx;
				SWIFT_EMIT_LOC_STRINGS = NO;
				SWIFT_VERSION = 5.0;
				TEST_TARGET_NAME = "Template SwiftUI App (macOS)";
			};
			name = Release;
		};
/* End XCBuildConfiguration section */

/* Begin XCConfigurationList section */
		57273E2526C539A00086A7DF /* Build configuration list for PBXProject "Template SwiftUI App" */ = {
			isa = XCConfigurationList;
			buildConfigurations = (
				57273E4F26C539D00086A7DF /* Debug */,
				57273E5026C539D00086A7DF /* Release */,
			);
			defaultConfigurationIsVisible = 0;
			defaultConfigurationName = Release;
		};
		57273E5126C539D00086A7DF /* Build configuration list for PBXNativeTarget "Template SwiftUI App (iOS)" */ = {
			isa = XCConfigurationList;
			buildConfigurations = (
				57273E5226C539D00086A7DF /* Debug */,
				57273E5326C539D00086A7DF /* Release */,
			);
			defaultConfigurationIsVisible = 0;
			defaultConfigurationName = Release;
		};
		57273E5426C539D00086A7DF /* Build configuration list for PBXNativeTarget "Template SwiftUI App (macOS)" */ = {
			isa = XCConfigurationList;
			buildConfigurations = (
				57273E5526C539D00086A7DF /* Debug */,
				57273E5626C539D00086A7DF /* Release */,
			);
			defaultConfigurationIsVisible = 0;
			defaultConfigurationName = Release;
		};
		57273E5726C539D00086A7DF /* Build configuration list for PBXNativeTarget "Tests (iOS)" */ = {
			isa = XCConfigurationList;
			buildConfigurations = (
				57273E5826C539D00086A7DF /* Debug */,
				57273E5926C539D00086A7DF /* Release */,
			);
			defaultConfigurationIsVisible = 0;
			defaultConfigurationName = Release;
		};
		57273E5A26C539D00086A7DF /* Build configuration list for PBXNativeTarget "Tests (macOS)" */ = {
			isa = XCConfigurationList;
			buildConfigurations = (
				57273E5B26C539D00086A7DF /* Debug */,
				57273E5C26C539D00086A7DF /* Release */,
			);
			defaultConfigurationIsVisible = 0;
			defaultConfigurationName = Release;
		};
/* End XCConfigurationList section */

/* Begin XCRemoteSwiftPackageReference section */
		573644A3278D820400C51F4A /* XCRemoteSwiftPackageReference "pure-moya" */ = {
			isa = XCRemoteSwiftPackageReference;
			repositoryURL = "https://github.com/vasek-broz/pure-moya";
			requirement = {
				branch = master;
				kind = branch;
			};
		};
		57EA552B278EBE94001088A0 /* XCRemoteSwiftPackageReference "Swinject" */ = {
			isa = XCRemoteSwiftPackageReference;
			repositoryURL = "https://github.com/Swinject/Swinject";
			requirement = {
				kind = upToNextMajorVersion;
				minimumVersion = 2.0.0;
			};
		};
/* End XCRemoteSwiftPackageReference section */

/* Begin XCSwiftPackageProductDependency section */
		573644A4278D820400C51F4A /* Moya */ = {
			isa = XCSwiftPackageProductDependency;
			package = 573644A3278D820400C51F4A /* XCRemoteSwiftPackageReference "pure-moya" */;
			productName = Moya;
		};
		57EA552C278EBE94001088A0 /* Swinject */ = {
			isa = XCSwiftPackageProductDependency;
			package = 57EA552B278EBE94001088A0 /* XCRemoteSwiftPackageReference "Swinject" */;
			productName = Swinject;
		};
		57EA5532278EC2B7001088A0 /* Swinject */ = {
			isa = XCSwiftPackageProductDependency;
			package = 57EA552B278EBE94001088A0 /* XCRemoteSwiftPackageReference "Swinject" */;
			productName = Swinject;
		};
		57EA5534278EC2BB001088A0 /* Moya */ = {
			isa = XCSwiftPackageProductDependency;
			package = 573644A3278D820400C51F4A /* XCRemoteSwiftPackageReference "pure-moya" */;
			productName = Moya;
		};
/* End XCSwiftPackageProductDependency section */
	};
	rootObject = 57273E2226C539A00086A7DF /* Project object */;
}
